// !$*UTF8*$!
{
	archiveVersion = 1;
	classes = {
	};
	objectVersion = 46;
	objects = {

/* Begin PBXBuildFile section */
		07130E8A1D22928200CC85D8 /* KeyCenter.swift in Sources */ = {isa = PBXBuildFile; fileRef = 07130E891D22928200CC85D8 /* KeyCenter.swift */; };
		073177DE1D8000A40062A68C /* AgoraRtcEngineKit.framework in Frameworks */ = {isa = PBXBuildFile; fileRef = 073177DC1D8000A40062A68C /* AgoraRtcEngineKit.framework */; };
		076ED9081DB479BF005A85D6 /* videoprp.framework in Frameworks */ = {isa = PBXBuildFile; fileRef = 076ED9071DB479BF005A85D6 /* videoprp.framework */; };
		078012ED1D1E57730093DE24 /* AppDelegate.swift in Sources */ = {isa = PBXBuildFile; fileRef = 078012EC1D1E57730093DE24 /* AppDelegate.swift */; };
		078012EF1D1E57730093DE24 /* MainViewController.swift in Sources */ = {isa = PBXBuildFile; fileRef = 078012EE1D1E57730093DE24 /* MainViewController.swift */; };
		078012F21D1E57730093DE24 /* Main.storyboard in Resources */ = {isa = PBXBuildFile; fileRef = 078012F01D1E57730093DE24 /* Main.storyboard */; };
		078012F41D1E57730093DE24 /* Assets.xcassets in Resources */ = {isa = PBXBuildFile; fileRef = 078012F31D1E57730093DE24 /* Assets.xcassets */; };
		078012F71D1E57730093DE24 /* LaunchScreen.storyboard in Resources */ = {isa = PBXBuildFile; fileRef = 078012F51D1E57730093DE24 /* LaunchScreen.storyboard */; };
		0790F1141D1E6325003F8C18 /* AVFoundation.framework in Frameworks */ = {isa = PBXBuildFile; fileRef = 0790F1131D1E6325003F8C18 /* AVFoundation.framework */; };
		0790F1161D1E632D003F8C18 /* CoreMedia.framework in Frameworks */ = {isa = PBXBuildFile; fileRef = 0790F1151D1E632D003F8C18 /* CoreMedia.framework */; };
		0790F1181D1E6332003F8C18 /* CoreMotion.framework in Frameworks */ = {isa = PBXBuildFile; fileRef = 0790F1171D1E6332003F8C18 /* CoreMotion.framework */; };
		0790F11E1D1E639D003F8C18 /* AudioToolbox.framework in Frameworks */ = {isa = PBXBuildFile; fileRef = 0790F11D1D1E639D003F8C18 /* AudioToolbox.framework */; };
		0790F1201D1E63A2003F8C18 /* VideoToolbox.framework in Frameworks */ = {isa = PBXBuildFile; fileRef = 0790F11F1D1E63A2003F8C18 /* VideoToolbox.framework */; };
		0790F1221D1E63A8003F8C18 /* CoreTelephony.framework in Frameworks */ = {isa = PBXBuildFile; fileRef = 0790F1211D1E63A8003F8C18 /* CoreTelephony.framework */; };
		0790F1241D1E63DD003F8C18 /* SystemConfiguration.framework in Frameworks */ = {isa = PBXBuildFile; fileRef = 0790F1231D1E63DD003F8C18 /* SystemConfiguration.framework */; };
		0790F1261D1E6450003F8C18 /* SettingsViewController.swift in Sources */ = {isa = PBXBuildFile; fileRef = 0790F1251D1E6450003F8C18 /* SettingsViewController.swift */; };
		0790F1281D1E645B003F8C18 /* LiveRoomViewController.swift in Sources */ = {isa = PBXBuildFile; fileRef = 0790F1271D1E645B003F8C18 /* LiveRoomViewController.swift */; };
		0790F1511D1E9631003F8C18 /* VideoSession.swift in Sources */ = {isa = PBXBuildFile; fileRef = 0790F1501D1E9631003F8C18 /* VideoSession.swift */; };
		0790F1531D1E9781003F8C18 /* VideoViewLayouter.swift in Sources */ = {isa = PBXBuildFile; fileRef = 0790F1521D1E9781003F8C18 /* VideoViewLayouter.swift */; };
		0790F1641D1EBE24003F8C18 /* libc++.tbd in Frameworks */ = {isa = PBXBuildFile; fileRef = 0790F1631D1EBE24003F8C18 /* libc++.tbd */; };
		0790F1691D1EEAB2003F8C18 /* ProfileCell.swift in Sources */ = {isa = PBXBuildFile; fileRef = 0790F1681D1EEAB2003F8C18 /* ProfileCell.swift */; };
		E9834B341F31EE6F001FC17D /* libnama.a in Frameworks */ = {isa = PBXBuildFile; fileRef = E9834B271F31EE6F001FC17D /* libnama.a */; };
		E9834B351F31EE6F001FC17D /* release_note.txt in Resources */ = {isa = PBXBuildFile; fileRef = E9834B281F31EE6F001FC17D /* release_note.txt */; };
		E9834B361F31EE6F001FC17D /* face_beautification.bundle in Resources */ = {isa = PBXBuildFile; fileRef = E9834B2A1F31EE6F001FC17D /* face_beautification.bundle */; };
		E9834B371F31EE6F001FC17D /* v3.bundle in Resources */ = {isa = PBXBuildFile; fileRef = E9834B2B1F31EE6F001FC17D /* v3.bundle */; };
		E9834B391F31EE6F001FC17D /* EatRabbi.bundle in Resources */ = {isa = PBXBuildFile; fileRef = E9834B2E1F31EE6F001FC17D /* EatRabbi.bundle */; };
		E9834B3A1F31EE6F001FC17D /* lixiaolong.bundle in Resources */ = {isa = PBXBuildFile; fileRef = E9834B2F1F31EE6F001FC17D /* lixiaolong.bundle */; };
		E9834B3B1F31EE6F001FC17D /* mask_matianyu.bundle in Resources */ = {isa = PBXBuildFile; fileRef = E9834B301F31EE6F001FC17D /* mask_matianyu.bundle */; };
		E9834B3C1F31EE6F001FC17D /* Mood.bundle in Resources */ = {isa = PBXBuildFile; fileRef = E9834B311F31EE6F001FC17D /* Mood.bundle */; };
		E9834B3D1F31EE6F001FC17D /* yazui.bundle in Resources */ = {isa = PBXBuildFile; fileRef = E9834B321F31EE6F001FC17D /* yazui.bundle */; };
		E9834B3E1F31EE6F001FC17D /* yuguan.bundle in Resources */ = {isa = PBXBuildFile; fileRef = E9834B331F31EE6F001FC17D /* yuguan.bundle */; };
		E9834B641F31F049001FC17D /* FUAPIDemoBar.framework in Frameworks */ = {isa = PBXBuildFile; fileRef = E9834B2C1F31EE6F001FC17D /* FUAPIDemoBar.framework */; };
		E9834B651F31F049001FC17D /* FUAPIDemoBar.framework in Embed Frameworks */ = {isa = PBXBuildFile; fileRef = E9834B2C1F31EE6F001FC17D /* FUAPIDemoBar.framework */; settings = {ATTRIBUTES = (CodeSignOnCopy, RemoveHeadersOnCopy, ); }; };
		E9EDC8B91EDE9F7000CA2CBD /* Accelerate.framework in Frameworks */ = {isa = PBXBuildFile; fileRef = E9EDC8B81EDE9F7000CA2CBD /* Accelerate.framework */; };
/* End PBXBuildFile section */

/* Begin PBXCopyFilesBuildPhase section */
		E9834B661F31F049001FC17D /* Embed Frameworks */ = {
			isa = PBXCopyFilesBuildPhase;
			buildActionMask = 2147483647;
			dstPath = "";
			dstSubfolderSpec = 10;
			files = (
				E9834B651F31F049001FC17D /* FUAPIDemoBar.framework in Embed Frameworks */,
			);
			name = "Embed Frameworks";
			runOnlyForDeploymentPostprocessing = 0;
		};
/* End PBXCopyFilesBuildPhase section */

/* Begin PBXFileReference section */
		07130E891D22928200CC85D8 /* KeyCenter.swift */ = {isa = PBXFileReference; fileEncoding = 4; lastKnownFileType = sourcecode.swift; path = KeyCenter.swift; sourceTree = "<group>"; };
		073177DC1D8000A40062A68C /* AgoraRtcEngineKit.framework */ = {isa = PBXFileReference; lastKnownFileType = wrapper.framework; path = AgoraRtcEngineKit.framework; sourceTree = "<group>"; };
		076ED9071DB479BF005A85D6 /* videoprp.framework */ = {isa = PBXFileReference; lastKnownFileType = wrapper.framework; path = videoprp.framework; sourceTree = "<group>"; };
		078012E91D1E57730093DE24 /* OpenLive.app */ = {isa = PBXFileReference; explicitFileType = wrapper.application; includeInIndex = 0; path = OpenLive.app; sourceTree = BUILT_PRODUCTS_DIR; };
		078012EC1D1E57730093DE24 /* AppDelegate.swift */ = {isa = PBXFileReference; lastKnownFileType = sourcecode.swift; path = AppDelegate.swift; sourceTree = "<group>"; };
		078012EE1D1E57730093DE24 /* MainViewController.swift */ = {isa = PBXFileReference; lastKnownFileType = sourcecode.swift; path = MainViewController.swift; sourceTree = "<group>"; };
		078012F11D1E57730093DE24 /* Base */ = {isa = PBXFileReference; lastKnownFileType = file.storyboard; name = Base; path = Base.lproj/Main.storyboard; sourceTree = "<group>"; };
		078012F31D1E57730093DE24 /* Assets.xcassets */ = {isa = PBXFileReference; lastKnownFileType = folder.assetcatalog; path = Assets.xcassets; sourceTree = "<group>"; };
		078012F61D1E57730093DE24 /* Base */ = {isa = PBXFileReference; lastKnownFileType = file.storyboard; name = Base; path = Base.lproj/LaunchScreen.storyboard; sourceTree = "<group>"; };
		078012F81D1E57730093DE24 /* Info.plist */ = {isa = PBXFileReference; lastKnownFileType = text.plist.xml; path = Info.plist; sourceTree = "<group>"; };
		0790F1131D1E6325003F8C18 /* AVFoundation.framework */ = {isa = PBXFileReference; lastKnownFileType = wrapper.framework; name = AVFoundation.framework; path = System/Library/Frameworks/AVFoundation.framework; sourceTree = SDKROOT; };
		0790F1151D1E632D003F8C18 /* CoreMedia.framework */ = {isa = PBXFileReference; lastKnownFileType = wrapper.framework; name = CoreMedia.framework; path = System/Library/Frameworks/CoreMedia.framework; sourceTree = SDKROOT; };
		0790F1171D1E6332003F8C18 /* CoreMotion.framework */ = {isa = PBXFileReference; lastKnownFileType = wrapper.framework; name = CoreMotion.framework; path = System/Library/Frameworks/CoreMotion.framework; sourceTree = SDKROOT; };
		0790F11D1D1E639D003F8C18 /* AudioToolbox.framework */ = {isa = PBXFileReference; lastKnownFileType = wrapper.framework; name = AudioToolbox.framework; path = System/Library/Frameworks/AudioToolbox.framework; sourceTree = SDKROOT; };
		0790F11F1D1E63A2003F8C18 /* VideoToolbox.framework */ = {isa = PBXFileReference; lastKnownFileType = wrapper.framework; name = VideoToolbox.framework; path = System/Library/Frameworks/VideoToolbox.framework; sourceTree = SDKROOT; };
		0790F1211D1E63A8003F8C18 /* CoreTelephony.framework */ = {isa = PBXFileReference; lastKnownFileType = wrapper.framework; name = CoreTelephony.framework; path = System/Library/Frameworks/CoreTelephony.framework; sourceTree = SDKROOT; };
		0790F1231D1E63DD003F8C18 /* SystemConfiguration.framework */ = {isa = PBXFileReference; lastKnownFileType = wrapper.framework; name = SystemConfiguration.framework; path = System/Library/Frameworks/SystemConfiguration.framework; sourceTree = SDKROOT; };
		0790F1251D1E6450003F8C18 /* SettingsViewController.swift */ = {isa = PBXFileReference; fileEncoding = 4; lastKnownFileType = sourcecode.swift; path = SettingsViewController.swift; sourceTree = "<group>"; };
		0790F1271D1E645B003F8C18 /* LiveRoomViewController.swift */ = {isa = PBXFileReference; fileEncoding = 4; lastKnownFileType = sourcecode.swift; path = LiveRoomViewController.swift; sourceTree = "<group>"; };
		0790F1291D1E6821003F8C18 /* OpenLive-Bridging-Header.h */ = {isa = PBXFileReference; lastKnownFileType = sourcecode.c.h; path = "OpenLive-Bridging-Header.h"; sourceTree = "<group>"; };
		0790F1501D1E9631003F8C18 /* VideoSession.swift */ = {isa = PBXFileReference; fileEncoding = 4; lastKnownFileType = sourcecode.swift; path = VideoSession.swift; sourceTree = "<group>"; };
		0790F1521D1E9781003F8C18 /* VideoViewLayouter.swift */ = {isa = PBXFileReference; fileEncoding = 4; lastKnownFileType = sourcecode.swift; path = VideoViewLayouter.swift; sourceTree = "<group>"; };
		0790F1631D1EBE24003F8C18 /* libc++.tbd */ = {isa = PBXFileReference; lastKnownFileType = "sourcecode.text-based-dylib-definition"; name = "libc++.tbd"; path = "usr/lib/libc++.tbd"; sourceTree = SDKROOT; };
		0790F1681D1EEAB2003F8C18 /* ProfileCell.swift */ = {isa = PBXFileReference; fileEncoding = 4; lastKnownFileType = sourcecode.swift; path = ProfileCell.swift; sourceTree = "<group>"; };
		E9834B221F31EE6F001FC17D /* authpack.h */ = {isa = PBXFileReference; fileEncoding = 4; lastKnownFileType = sourcecode.c.h; path = authpack.h; sourceTree = "<group>"; };
		E9834B251F31EE6F001FC17D /* funama.h */ = {isa = PBXFileReference; fileEncoding = 4; lastKnownFileType = sourcecode.c.h; path = funama.h; sourceTree = "<group>"; };
		E9834B261F31EE6F001FC17D /* FURenderer.h */ = {isa = PBXFileReference; fileEncoding = 4; lastKnownFileType = sourcecode.c.h; path = FURenderer.h; sourceTree = "<group>"; };
		E9834B271F31EE6F001FC17D /* libnama.a */ = {isa = PBXFileReference; lastKnownFileType = archive.ar; path = libnama.a; sourceTree = "<group>"; };
		E9834B281F31EE6F001FC17D /* release_note.txt */ = {isa = PBXFileReference; fileEncoding = 4; lastKnownFileType = text; path = release_note.txt; sourceTree = "<group>"; };
		E9834B2A1F31EE6F001FC17D /* face_beautification.bundle */ = {isa = PBXFileReference; lastKnownFileType = file; path = face_beautification.bundle; sourceTree = "<group>"; };
		E9834B2B1F31EE6F001FC17D /* v3.bundle */ = {isa = PBXFileReference; lastKnownFileType = file; path = v3.bundle; sourceTree = "<group>"; };
		E9834B2C1F31EE6F001FC17D /* FUAPIDemoBar.framework */ = {isa = PBXFileReference; lastKnownFileType = wrapper.framework; path = FUAPIDemoBar.framework; sourceTree = "<group>"; };
		E9834B2E1F31EE6F001FC17D /* EatRabbi.bundle */ = {isa = PBXFileReference; lastKnownFileType = file; path = EatRabbi.bundle; sourceTree = "<group>"; };
		E9834B2F1F31EE6F001FC17D /* lixiaolong.bundle */ = {isa = PBXFileReference; lastKnownFileType = file; path = lixiaolong.bundle; sourceTree = "<group>"; };
		E9834B301F31EE6F001FC17D /* mask_matianyu.bundle */ = {isa = PBXFileReference; lastKnownFileType = file; path = mask_matianyu.bundle; sourceTree = "<group>"; };
		E9834B311F31EE6F001FC17D /* Mood.bundle */ = {isa = PBXFileReference; lastKnownFileType = file; path = Mood.bundle; sourceTree = "<group>"; };
		E9834B321F31EE6F001FC17D /* yazui.bundle */ = {isa = PBXFileReference; lastKnownFileType = file; path = yazui.bundle; sourceTree = "<group>"; };
		E9834B331F31EE6F001FC17D /* yuguan.bundle */ = {isa = PBXFileReference; lastKnownFileType = file; path = yuguan.bundle; sourceTree = "<group>"; };
		E9EDC8B81EDE9F7000CA2CBD /* Accelerate.framework */ = {isa = PBXFileReference; lastKnownFileType = wrapper.framework; name = Accelerate.framework; path = System/Library/Frameworks/Accelerate.framework; sourceTree = SDKROOT; };
/* End PBXFileReference section */

/* Begin PBXFrameworksBuildPhase section */
		078012E61D1E57730093DE24 /* Frameworks */ = {
			isa = PBXFrameworksBuildPhase;
			buildActionMask = 2147483647;
			files = (
				E9834B641F31F049001FC17D /* FUAPIDemoBar.framework in Frameworks */,
				E9834B341F31EE6F001FC17D /* libnama.a in Frameworks */,
				E9EDC8B91EDE9F7000CA2CBD /* Accelerate.framework in Frameworks */,
				073177DE1D8000A40062A68C /* AgoraRtcEngineKit.framework in Frameworks */,
				0790F1641D1EBE24003F8C18 /* libc++.tbd in Frameworks */,
				0790F1241D1E63DD003F8C18 /* SystemConfiguration.framework in Frameworks */,
				0790F1221D1E63A8003F8C18 /* CoreTelephony.framework in Frameworks */,
				0790F1201D1E63A2003F8C18 /* VideoToolbox.framework in Frameworks */,
				0790F11E1D1E639D003F8C18 /* AudioToolbox.framework in Frameworks */,
				0790F1181D1E6332003F8C18 /* CoreMotion.framework in Frameworks */,
				0790F1161D1E632D003F8C18 /* CoreMedia.framework in Frameworks */,
				0790F1141D1E6325003F8C18 /* AVFoundation.framework in Frameworks */,
				076ED9081DB479BF005A85D6 /* videoprp.framework in Frameworks */,
			);
			runOnlyForDeploymentPostprocessing = 0;
		};
/* End PBXFrameworksBuildPhase section */

/* Begin PBXGroup section */
		073177DB1D8000A40062A68C /* libs */ = {
			isa = PBXGroup;
			children = (
				073177DC1D8000A40062A68C /* AgoraRtcEngineKit.framework */,
			);
			name = libs;
			path = ../../../libs;
			sourceTree = "<group>";
		};
		078012E01D1E57730093DE24 = {
			isa = PBXGroup;
			children = (
				078012EB1D1E57730093DE24 /* OpenLive */,
				078012EA1D1E57730093DE24 /* Products */,
				E9EDC8B71EDE9F7000CA2CBD /* Frameworks */,
			);
			sourceTree = "<group>";
		};
		078012EA1D1E57730093DE24 /* Products */ = {
			isa = PBXGroup;
			children = (
				078012E91D1E57730093DE24 /* OpenLive.app */,
			);
			name = Products;
			sourceTree = "<group>";
		};
		078012EB1D1E57730093DE24 /* OpenLive */ = {
			isa = PBXGroup;
			children = (
				E9834B211F31EE6F001FC17D /* Faceunity */,
				078012F01D1E57730093DE24 /* Main.storyboard */,
				078012EE1D1E57730093DE24 /* MainViewController.swift */,
				0790F1251D1E6450003F8C18 /* SettingsViewController.swift */,
				0790F1271D1E645B003F8C18 /* LiveRoomViewController.swift */,
				07130E891D22928200CC85D8 /* KeyCenter.swift */,
				0790F1501D1E9631003F8C18 /* VideoSession.swift */,
				0790F1521D1E9781003F8C18 /* VideoViewLayouter.swift */,
				0790F1681D1EEAB2003F8C18 /* ProfileCell.swift */,
				076ED9071DB479BF005A85D6 /* videoprp.framework */,
				073177DB1D8000A40062A68C /* libs */,
				0790F1191D1E633C003F8C18 /* Frameworks */,
				078012EC1D1E57730093DE24 /* AppDelegate.swift */,
				078012F31D1E57730093DE24 /* Assets.xcassets */,
				078012F51D1E57730093DE24 /* LaunchScreen.storyboard */,
				078012F81D1E57730093DE24 /* Info.plist */,
				0790F1291D1E6821003F8C18 /* OpenLive-Bridging-Header.h */,
			);
			path = OpenLive;
			sourceTree = "<group>";
		};
		0790F1191D1E633C003F8C18 /* Frameworks */ = {
			isa = PBXGroup;
			children = (
				0790F1631D1EBE24003F8C18 /* libc++.tbd */,
				0790F1231D1E63DD003F8C18 /* SystemConfiguration.framework */,
				0790F1211D1E63A8003F8C18 /* CoreTelephony.framework */,
				0790F11F1D1E63A2003F8C18 /* VideoToolbox.framework */,
				0790F11D1D1E639D003F8C18 /* AudioToolbox.framework */,
				0790F1171D1E6332003F8C18 /* CoreMotion.framework */,
				0790F1151D1E632D003F8C18 /* CoreMedia.framework */,
				0790F1131D1E6325003F8C18 /* AVFoundation.framework */,
			);
			name = Frameworks;
			sourceTree = "<group>";
		};
		E9834B211F31EE6F001FC17D /* Faceunity */ = {
			isa = PBXGroup;
			children = (
				E9834B221F31EE6F001FC17D /* authpack.h */,
				E9834B231F31EE6F001FC17D /* FaceUnity-SDK-iOS */,
				E9834B2C1F31EE6F001FC17D /* FUAPIDemoBar.framework */,
				E9834B2D1F31EE6F001FC17D /* items */,
			);
			name = Faceunity;
			path = ../../../Faceunity;
			sourceTree = "<group>";
		};
		E9834B231F31EE6F001FC17D /* FaceUnity-SDK-iOS */ = {
			isa = PBXGroup;
			children = (
				E9834B241F31EE6F001FC17D /* Header */,
				E9834B271F31EE6F001FC17D /* libnama.a */,
				E9834B281F31EE6F001FC17D /* release_note.txt */,
				E9834B291F31EE6F001FC17D /* Resource */,
			);
			path = "FaceUnity-SDK-iOS";
			sourceTree = "<group>";
		};
		E9834B241F31EE6F001FC17D /* Header */ = {
			isa = PBXGroup;
			children = (
				E9834B251F31EE6F001FC17D /* funama.h */,
				E9834B261F31EE6F001FC17D /* FURenderer.h */,
			);
			path = Header;
			sourceTree = "<group>";
		};
		E9834B291F31EE6F001FC17D /* Resource */ = {
			isa = PBXGroup;
			children = (
				E9834B2A1F31EE6F001FC17D /* face_beautification.bundle */,
				E9834B2B1F31EE6F001FC17D /* v3.bundle */,
			);
			path = Resource;
			sourceTree = "<group>";
		};
		E9834B2D1F31EE6F001FC17D /* items */ = {
			isa = PBXGroup;
			children = (
				E9834B2E1F31EE6F001FC17D /* EatRabbi.bundle */,
				E9834B2F1F31EE6F001FC17D /* lixiaolong.bundle */,
				E9834B301F31EE6F001FC17D /* mask_matianyu.bundle */,
				E9834B311F31EE6F001FC17D /* Mood.bundle */,
				E9834B321F31EE6F001FC17D /* yazui.bundle */,
				E9834B331F31EE6F001FC17D /* yuguan.bundle */,
			);
			path = items;
			sourceTree = "<group>";
		};
		E9EDC8B71EDE9F7000CA2CBD /* Frameworks */ = {
			isa = PBXGroup;
			children = (
				E9EDC8B81EDE9F7000CA2CBD /* Accelerate.framework */,
			);
			name = Frameworks;
			sourceTree = "<group>";
		};
/* End PBXGroup section */

/* Begin PBXNativeTarget section */
		078012E81D1E57730093DE24 /* OpenLive */ = {
			isa = PBXNativeTarget;
			buildConfigurationList = 078012FB1D1E57730093DE24 /* Build configuration list for PBXNativeTarget "OpenLive" */;
			buildPhases = (
				078012E51D1E57730093DE24 /* Sources */,
				078012E61D1E57730093DE24 /* Frameworks */,
				078012E71D1E57730093DE24 /* Resources */,
				E9834B661F31F049001FC17D /* Embed Frameworks */,
			);
			buildRules = (
			);
			dependencies = (
			);
			name = OpenLive;
			productName = OpenLive;
			productReference = 078012E91D1E57730093DE24 /* OpenLive.app */;
			productType = "com.apple.product-type.application";
		};
/* End PBXNativeTarget section */

/* Begin PBXProject section */
		078012E11D1E57730093DE24 /* Project object */ = {
			isa = PBXProject;
			attributes = {
				LastSwiftUpdateCheck = 0730;
				LastUpgradeCheck = 0800;
				ORGANIZATIONNAME = Agora;
				TargetAttributes = {
					078012E81D1E57730093DE24 = {
						CreatedOnToolsVersion = 7.3.1;
						DevelopmentTeam = 35A6KD62ZJ;
						LastSwiftMigration = 0800;
						SystemCapabilities = {
							com.apple.BackgroundModes = {
								enabled = 1;
							};
						};
					};
				};
			};
			buildConfigurationList = 078012E41D1E57730093DE24 /* Build configuration list for PBXProject "OpenLive" */;
			compatibilityVersion = "Xcode 3.2";
			developmentRegion = English;
			hasScannedForEncodings = 0;
			knownRegions = (
				en,
				Base,
			);
			mainGroup = 078012E01D1E57730093DE24;
			productRefGroup = 078012EA1D1E57730093DE24 /* Products */;
			projectDirPath = "";
			projectRoot = "";
			targets = (
				078012E81D1E57730093DE24 /* OpenLive */,
			);
		};
/* End PBXProject section */

/* Begin PBXResourcesBuildPhase section */
		078012E71D1E57730093DE24 /* Resources */ = {
			isa = PBXResourcesBuildPhase;
			buildActionMask = 2147483647;
			files = (
				E9834B3A1F31EE6F001FC17D /* lixiaolong.bundle in Resources */,
				078012F71D1E57730093DE24 /* LaunchScreen.storyboard in Resources */,
				E9834B391F31EE6F001FC17D /* EatRabbi.bundle in Resources */,
				E9834B371F31EE6F001FC17D /* v3.bundle in Resources */,
				E9834B351F31EE6F001FC17D /* release_note.txt in Resources */,
				E9834B3B1F31EE6F001FC17D /* mask_matianyu.bundle in Resources */,
				E9834B3D1F31EE6F001FC17D /* yazui.bundle in Resources */,
				E9834B3C1F31EE6F001FC17D /* Mood.bundle in Resources */,
				E9834B361F31EE6F001FC17D /* face_beautification.bundle in Resources */,
				078012F41D1E57730093DE24 /* Assets.xcassets in Resources */,
				E9834B3E1F31EE6F001FC17D /* yuguan.bundle in Resources */,
				078012F21D1E57730093DE24 /* Main.storyboard in Resources */,
			);
			runOnlyForDeploymentPostprocessing = 0;
		};
/* End PBXResourcesBuildPhase section */

/* Begin PBXSourcesBuildPhase section */
		078012E51D1E57730093DE24 /* Sources */ = {
			isa = PBXSourcesBuildPhase;
			buildActionMask = 2147483647;
			files = (
				0790F1691D1EEAB2003F8C18 /* ProfileCell.swift in Sources */,
				0790F1511D1E9631003F8C18 /* VideoSession.swift in Sources */,
				078012EF1D1E57730093DE24 /* MainViewController.swift in Sources */,
				078012ED1D1E57730093DE24 /* AppDelegate.swift in Sources */,
				07130E8A1D22928200CC85D8 /* KeyCenter.swift in Sources */,
				0790F1531D1E9781003F8C18 /* VideoViewLayouter.swift in Sources */,
				0790F1281D1E645B003F8C18 /* LiveRoomViewController.swift in Sources */,
				0790F1261D1E6450003F8C18 /* SettingsViewController.swift in Sources */,
			);
			runOnlyForDeploymentPostprocessing = 0;
		};
/* End PBXSourcesBuildPhase section */

/* Begin PBXVariantGroup section */
		078012F01D1E57730093DE24 /* Main.storyboard */ = {
			isa = PBXVariantGroup;
			children = (
				078012F11D1E57730093DE24 /* Base */,
			);
			name = Main.storyboard;
			sourceTree = "<group>";
		};
		078012F51D1E57730093DE24 /* LaunchScreen.storyboard */ = {
			isa = PBXVariantGroup;
			children = (
				078012F61D1E57730093DE24 /* Base */,
			);
			name = LaunchScreen.storyboard;
			sourceTree = "<group>";
		};
/* End PBXVariantGroup section */

/* Begin XCBuildConfiguration section */
		078012F91D1E57730093DE24 /* Debug */ = {
			isa = XCBuildConfiguration;
			buildSettings = {
				ALWAYS_SEARCH_USER_PATHS = NO;
				CLANG_ANALYZER_NONNULL = YES;
				CLANG_CXX_LANGUAGE_STANDARD = "gnu++0x";
				CLANG_CXX_LIBRARY = "libc++";
				CLANG_ENABLE_MODULES = YES;
				CLANG_ENABLE_OBJC_ARC = YES;
				CLANG_WARN_BOOL_CONVERSION = YES;
				CLANG_WARN_CONSTANT_CONVERSION = YES;
				CLANG_WARN_DIRECT_OBJC_ISA_USAGE = YES_ERROR;
				CLANG_WARN_EMPTY_BODY = YES;
				CLANG_WARN_ENUM_CONVERSION = YES;
				CLANG_WARN_INFINITE_RECURSION = YES;
				CLANG_WARN_INT_CONVERSION = YES;
				CLANG_WARN_OBJC_ROOT_CLASS = YES_ERROR;
				CLANG_WARN_SUSPICIOUS_MOVE = YES;
				CLANG_WARN_UNREACHABLE_CODE = YES;
				CLANG_WARN__DUPLICATE_METHOD_MATCH = YES;
				"CODE_SIGN_IDENTITY[sdk=iphoneos*]" = "iPhone Developer";
				COPY_PHASE_STRIP = NO;
				DEBUG_INFORMATION_FORMAT = dwarf;
				ENABLE_STRICT_OBJC_MSGSEND = YES;
				ENABLE_TESTABILITY = YES;
				GCC_C_LANGUAGE_STANDARD = gnu99;
				GCC_DYNAMIC_NO_PIC = NO;
				GCC_NO_COMMON_BLOCKS = YES;
				GCC_OPTIMIZATION_LEVEL = 0;
				GCC_PREPROCESSOR_DEFINITIONS = (
					"DEBUG=1",
					"$(inherited)",
				);
				GCC_WARN_64_TO_32_BIT_CONVERSION = YES;
				GCC_WARN_ABOUT_RETURN_TYPE = YES_ERROR;
				GCC_WARN_UNDECLARED_SELECTOR = YES;
				GCC_WARN_UNINITIALIZED_AUTOS = YES_AGGRESSIVE;
				GCC_WARN_UNUSED_FUNCTION = YES;
				GCC_WARN_UNUSED_VARIABLE = YES;
				IPHONEOS_DEPLOYMENT_TARGET = 9.3;
				MTL_ENABLE_DEBUG_INFO = YES;
				ONLY_ACTIVE_ARCH = YES;
				SDKROOT = iphoneos;
				SWIFT_OPTIMIZATION_LEVEL = "-Onone";
				TARGETED_DEVICE_FAMILY = "1,2";
			};
			name = Debug;
		};
		078012FA1D1E57730093DE24 /* Release */ = {
			isa = XCBuildConfiguration;
			buildSettings = {
				ALWAYS_SEARCH_USER_PATHS = NO;
				CLANG_ANALYZER_NONNULL = YES;
				CLANG_CXX_LANGUAGE_STANDARD = "gnu++0x";
				CLANG_CXX_LIBRARY = "libc++";
				CLANG_ENABLE_MODULES = YES;
				CLANG_ENABLE_OBJC_ARC = YES;
				CLANG_WARN_BOOL_CONVERSION = YES;
				CLANG_WARN_CONSTANT_CONVERSION = YES;
				CLANG_WARN_DIRECT_OBJC_ISA_USAGE = YES_ERROR;
				CLANG_WARN_EMPTY_BODY = YES;
				CLANG_WARN_ENUM_CONVERSION = YES;
				CLANG_WARN_INFINITE_RECURSION = YES;
				CLANG_WARN_INT_CONVERSION = YES;
				CLANG_WARN_OBJC_ROOT_CLASS = YES_ERROR;
				CLANG_WARN_SUSPICIOUS_MOVE = YES;
				CLANG_WARN_UNREACHABLE_CODE = YES;
				CLANG_WARN__DUPLICATE_METHOD_MATCH = YES;
				"CODE_SIGN_IDENTITY[sdk=iphoneos*]" = "iPhone Developer";
				COPY_PHASE_STRIP = NO;
				DEBUG_INFORMATION_FORMAT = "dwarf-with-dsym";
				ENABLE_NS_ASSERTIONS = NO;
				ENABLE_STRICT_OBJC_MSGSEND = YES;
				GCC_C_LANGUAGE_STANDARD = gnu99;
				GCC_NO_COMMON_BLOCKS = YES;
				GCC_WARN_64_TO_32_BIT_CONVERSION = YES;
				GCC_WARN_ABOUT_RETURN_TYPE = YES_ERROR;
				GCC_WARN_UNDECLARED_SELECTOR = YES;
				GCC_WARN_UNINITIALIZED_AUTOS = YES_AGGRESSIVE;
				GCC_WARN_UNUSED_FUNCTION = YES;
				GCC_WARN_UNUSED_VARIABLE = YES;
				IPHONEOS_DEPLOYMENT_TARGET = 9.3;
				MTL_ENABLE_DEBUG_INFO = NO;
				SDKROOT = iphoneos;
				SWIFT_OPTIMIZATION_LEVEL = "-Owholemodule";
				TARGETED_DEVICE_FAMILY = "1,2";
				VALIDATE_PRODUCT = YES;
			};
			name = Release;
		};
		078012FC1D1E57730093DE24 /* Debug */ = {
			isa = XCBuildConfiguration;
			buildSettings = {
				ASSETCATALOG_COMPILER_APPICON_NAME = AppIcon;
				CLANG_ENABLE_MODULES = YES;
				CODE_SIGN_IDENTITY = "iPhone Developer";
				DEVELOPMENT_TEAM = 35A6KD62ZJ;
				ENABLE_BITCODE = NO;
				FRAMEWORK_SEARCH_PATHS = (
					"$(inherited)",
					"$(PROJECT_DIR)/../../libs",
					"\"$(SRCROOT)/../../Faceunity\"",
					"\"$(SRCROOT)/OpenLive\"",
				);
				INFOPLIST_FILE = OpenLive/Info.plist;
				IPHONEOS_DEPLOYMENT_TARGET = 9.3;
				LD_RUNPATH_SEARCH_PATHS = "$(inherited) @executable_path/Frameworks";
				LIBRARY_SEARCH_PATHS = (
					"$(inherited)",
					"\"$(SRCROOT)/../../Faceunity/FaceUnity-SDK-iOS\"",
					"\"$(SRCROOT)/OpenLive\"",
				);
				PRODUCT_BUNDLE_IDENTIFIER = io.agora.OpenLive;
				PRODUCT_NAME = "$(TARGET_NAME)";
				SWIFT_OBJC_BRIDGING_HEADER = "OpenLive/OpenLive-Bridging-Header.h";
				SWIFT_OPTIMIZATION_LEVEL = "-Onone";
				SWIFT_VERSION = 3.0;
				TARGETED_DEVICE_FAMILY = "1,2";
			};
			name = Debug;
		};
		078012FD1D1E57730093DE24 /* Release */ = {
			isa = XCBuildConfiguration;
			buildSettings = {
				ASSETCATALOG_COMPILER_APPICON_NAME = AppIcon;
				CLANG_ENABLE_MODULES = YES;
				CODE_SIGN_IDENTITY = "iPhone Distribution";
				DEVELOPMENT_TEAM = 35A6KD62ZJ;
				ENABLE_BITCODE = NO;
				FRAMEWORK_SEARCH_PATHS = (
					"$(inherited)",
					"$(PROJECT_DIR)/../../libs",
					"\"$(SRCROOT)/../../Faceunity\"",
					"\"$(SRCROOT)/OpenLive\"",
				);
				INFOPLIST_FILE = OpenLive/Info.plist;
				IPHONEOS_DEPLOYMENT_TARGET = 9.3;
				LD_RUNPATH_SEARCH_PATHS = "$(inherited) @executable_path/Frameworks";
				LIBRARY_SEARCH_PATHS = (
					"$(inherited)",
					"\"$(SRCROOT)/../../Faceunity/FaceUnity-SDK-iOS\"",
					"\"$(SRCROOT)/OpenLive\"",
				);
				PRODUCT_BUNDLE_IDENTIFIER = io.agora.OpenLive;
				PRODUCT_NAME = "$(TARGET_NAME)";
				SWIFT_OBJC_BRIDGING_HEADER = "OpenLive/OpenLive-Bridging-Header.h";
				SWIFT_VERSION = 3.0;
				TARGETED_DEVICE_FAMILY = "1,2";
			};
			name = Release;
		};
/* End XCBuildConfiguration section */

/* Begin XCConfigurationList section */
		078012E41D1E57730093DE24 /* Build configuration list for PBXProject "OpenLive" */ = {
			isa = XCConfigurationList;
			buildConfigurations = (
				078012F91D1E57730093DE24 /* Debug */,
				078012FA1D1E57730093DE24 /* Release */,
			);
			defaultConfigurationIsVisible = 0;
			defaultConfigurationName = Release;
		};
		078012FB1D1E57730093DE24 /* Build configuration list for PBXNativeTarget "OpenLive" */ = {
			isa = XCConfigurationList;
			buildConfigurations = (
				078012FC1D1E57730093DE24 /* Debug */,
				078012FD1D1E57730093DE24 /* Release */,
			);
			defaultConfigurationIsVisible = 0;
			defaultConfigurationName = Release;
		};
/* End XCConfigurationList section */
	};
	rootObject = 078012E11D1E57730093DE24 /* Project object */;
}
