// !$*UTF8*$!
{
	archiveVersion = 1;
	classes = {
	};
	objectVersion = 48;
	objects = {

/* Begin PBXBuildFile section */
		0F02C1F120550936006EF198 /* MainViewController.m in Sources */ = {isa = PBXBuildFile; fileRef = 0F02C1F020550936006EF198 /* MainViewController.m */; };
		0F02C1F620561CF6006EF198 /* CoreMedia.framework in Frameworks */ = {isa = PBXBuildFile; fileRef = 0F29C6E520527DFC000F8159 /* CoreMedia.framework */; };
		0F02C1F720561CF6006EF198 /* CoreMotion.framework in Frameworks */ = {isa = PBXBuildFile; fileRef = 0F29C6E720527E0B000F8159 /* CoreMotion.framework */; };
		0F02C1F820561D04006EF198 /* CoreTelephony.framework in Frameworks */ = {isa = PBXBuildFile; fileRef = 0F29C6E920527E15000F8159 /* CoreTelephony.framework */; };
		0F02C1F920561D0D006EF198 /* AVFoundation.framework in Frameworks */ = {isa = PBXBuildFile; fileRef = 0F29C6EB20527E23000F8159 /* AVFoundation.framework */; };
		0F02C1FA20561D14006EF198 /* VideoToolbox.framework in Frameworks */ = {isa = PBXBuildFile; fileRef = 0F29C6ED20527E2F000F8159 /* VideoToolbox.framework */; };
		0F02C1FB20561D1B006EF198 /* AudioToolbox.framework in Frameworks */ = {isa = PBXBuildFile; fileRef = 0F29C6EF20527E3A000F8159 /* AudioToolbox.framework */; };
		0F280F96205666D100CF70CC /* KeyCenter.m in Sources */ = {isa = PBXBuildFile; fileRef = 0F280F94205666D100CF70CC /* KeyCenter.m */; };
		0F29C65C20525BC6000F8159 /* AppDelegate.m in Sources */ = {isa = PBXBuildFile; fileRef = 0F29C65B20525BC6000F8159 /* AppDelegate.m */; };
		0F29C66220525BC6000F8159 /* Main.storyboard in Resources */ = {isa = PBXBuildFile; fileRef = 0F29C66020525BC6000F8159 /* Main.storyboard */; };
		0F29C66420525BC6000F8159 /* Assets.xcassets in Resources */ = {isa = PBXBuildFile; fileRef = 0F29C66320525BC6000F8159 /* Assets.xcassets */; };
		0F29C66720525BC6000F8159 /* LaunchScreen.storyboard in Resources */ = {isa = PBXBuildFile; fileRef = 0F29C66520525BC6000F8159 /* LaunchScreen.storyboard */; };
		0F29C66A20525BC6000F8159 /* main.m in Sources */ = {isa = PBXBuildFile; fileRef = 0F29C66920525BC6000F8159 /* main.m */; };
		0F29C6DA205271C1000F8159 /* Accelerate.framework in Frameworks */ = {isa = PBXBuildFile; fileRef = 0F29C6D9205271C1000F8159 /* Accelerate.framework */; };
		0F29C6E420527DF4000F8159 /* SystemConfiguration.framework in Frameworks */ = {isa = PBXBuildFile; fileRef = 0F29C6E320527DF4000F8159 /* SystemConfiguration.framework */; };
		0F29C6F420527E50000F8159 /* libresolv.tbd in Frameworks */ = {isa = PBXBuildFile; fileRef = 0F29C6F320527E50000F8159 /* libresolv.tbd */; };
		0FD4E2052105C747006E46A1 /* Localizable.strings in Resources */ = {isa = PBXBuildFile; fileRef = 0FD4E2072105C747006E46A1 /* Localizable.strings */; };
		0FDB80A020DA505D005D9C58 /* dataSource.plist in Resources */ = {isa = PBXBuildFile; fileRef = 0FDB809F20DA505D005D9C58 /* dataSource.plist */; };
		2FBF73042224F3940054BAEE /* libc++.tbd in Frameworks */ = {isa = PBXBuildFile; fileRef = 2FBF73032224F3940054BAEE /* libc++.tbd */; };
		CD67B940224895E5000CA1B3 /* touhua_ztt_fu.bundle in Resources */ = {isa = PBXBuildFile; fileRef = CD67B921224895E5000CA1B3 /* touhua_ztt_fu.bundle */; };
		CD67B941224895E5000CA1B3 /* yazui.bundle in Resources */ = {isa = PBXBuildFile; fileRef = CD67B922224895E5000CA1B3 /* yazui.bundle */; };
		CD67B942224895E5000CA1B3 /* yuguan.bundle in Resources */ = {isa = PBXBuildFile; fileRef = CD67B923224895E5000CA1B3 /* yuguan.bundle */; };
		CD67B943224895E5000CA1B3 /* hudie_lm_fu.bundle in Resources */ = {isa = PBXBuildFile; fileRef = CD67B924224895E5000CA1B3 /* hudie_lm_fu.bundle */; };
		CD67B944224895E5000CA1B3 /* mask_hat.bundle in Resources */ = {isa = PBXBuildFile; fileRef = CD67B925224895E5000CA1B3 /* mask_hat.bundle */; };
		CD67B945224895E5000CA1B3 /* juanhuzi_lm_fu.bundle in Resources */ = {isa = PBXBuildFile; fileRef = CD67B926224895E5000CA1B3 /* juanhuzi_lm_fu.bundle */; };
		CD67B946224895E5000CA1B3 /* fengya_ztt_fu.bundle in Resources */ = {isa = PBXBuildFile; fileRef = CD67B927224895E5000CA1B3 /* fengya_ztt_fu.bundle */; };
		CD67B947224895E5000CA1B3 /* FUManager.m in Sources */ = {isa = PBXBuildFile; fileRef = CD67B928224895E5000CA1B3 /* FUManager.m */; };
		CD67B948224895E5000CA1B3 /* FUCamera.m in Sources */ = {isa = PBXBuildFile; fileRef = CD67B929224895E5000CA1B3 /* FUCamera.m */; };
		CD67B949224895E5000CA1B3 /* release_note.txt in Resources */ = {isa = PBXBuildFile; fileRef = CD67B92B224895E5000CA1B3 /* release_note.txt */; };
		CD67B94A224895E5000CA1B3 /* libnama.a in Frameworks */ = {isa = PBXBuildFile; fileRef = CD67B92C224895E5000CA1B3 /* libnama.a */; };
		CD67B94B224895E5000CA1B3 /* v3.bundle in Resources */ = {isa = PBXBuildFile; fileRef = CD67B92E224895E5000CA1B3 /* v3.bundle */; };
		CD67B94C224895E5000CA1B3 /* ardata_ex.bundle in Resources */ = {isa = PBXBuildFile; fileRef = CD67B92F224895E5000CA1B3 /* ardata_ex.bundle */; };
		CD67B94D224895E5000CA1B3 /* fxaa.bundle in Resources */ = {isa = PBXBuildFile; fileRef = CD67B930224895E5000CA1B3 /* fxaa.bundle */; };
		CD67B94E224895E5000CA1B3 /* anim_model.bundle in Resources */ = {isa = PBXBuildFile; fileRef = CD67B931224895E5000CA1B3 /* anim_model.bundle */; };
		CD67B94F224895E5000CA1B3 /* face_beautification.bundle in Resources */ = {isa = PBXBuildFile; fileRef = CD67B932224895E5000CA1B3 /* face_beautification.bundle */; };
		CD67B950224895E5000CA1B3 /* AgoraRtcEngineKit.framework in Frameworks */ = {isa = PBXBuildFile; fileRef = CD67B936224895E5000CA1B3 /* AgoraRtcEngineKit.framework */; };
		CD67B95322489754000CA1B3 /* FUAPIDemoBar.framework in Frameworks */ = {isa = PBXBuildFile; fileRef = CD67B91E224895E5000CA1B3 /* FUAPIDemoBar.framework */; };
/* End PBXBuildFile section */

/* Begin PBXCopyFilesBuildPhase section */
		0F29C6F92052DACE000F8159 /* CopyFiles */ = {
			isa = PBXCopyFilesBuildPhase;
			buildActionMask = 2147483647;
			dstPath = "";
			dstSubfolderSpec = 10;
			files = (
			);
			runOnlyForDeploymentPostprocessing = 0;
		};
		E3FF79452230E47B00649BC3 /* CopyFiles */ = {
			isa = PBXCopyFilesBuildPhase;
			buildActionMask = 2147483647;
			dstPath = "";
			dstSubfolderSpec = 10;
			files = (
			);
			runOnlyForDeploymentPostprocessing = 0;
		};
/* End PBXCopyFilesBuildPhase section */

/* Begin PBXFileReference section */
		0F02C1EF20550936006EF198 /* MainViewController.h */ = {isa = PBXFileReference; lastKnownFileType = sourcecode.c.h; path = MainViewController.h; sourceTree = "<group>"; };
		0F02C1F020550936006EF198 /* MainViewController.m */ = {isa = PBXFileReference; lastKnownFileType = sourcecode.c.objc; path = MainViewController.m; sourceTree = "<group>"; };
		0F02C1F220550948006EF198 /* RoomViewController.h */ = {isa = PBXFileReference; lastKnownFileType = sourcecode.c.h; path = RoomViewController.h; sourceTree = "<group>"; };
		0F02C1F320550948006EF198 /* RoomViewController.m */ = {isa = PBXFileReference; lastKnownFileType = sourcecode.c.objc; path = RoomViewController.m; sourceTree = "<group>"; };
		0F280F94205666D100CF70CC /* KeyCenter.m */ = {isa = PBXFileReference; fileEncoding = 4; lastKnownFileType = sourcecode.c.objc; path = KeyCenter.m; sourceTree = "<group>"; };
		0F280F95205666D100CF70CC /* KeyCenter.h */ = {isa = PBXFileReference; fileEncoding = 4; lastKnownFileType = sourcecode.c.h; path = KeyCenter.h; sourceTree = "<group>"; };
		0F29C65720525BC6000F8159 /* FUAgora.app */ = {isa = PBXFileReference; explicitFileType = wrapper.application; includeInIndex = 0; path = FUAgora.app; sourceTree = BUILT_PRODUCTS_DIR; };
		0F29C65A20525BC6000F8159 /* AppDelegate.h */ = {isa = PBXFileReference; lastKnownFileType = sourcecode.c.h; path = AppDelegate.h; sourceTree = "<group>"; };
		0F29C65B20525BC6000F8159 /* AppDelegate.m */ = {isa = PBXFileReference; lastKnownFileType = sourcecode.c.objc; path = AppDelegate.m; sourceTree = "<group>"; };
		0F29C66120525BC6000F8159 /* Base */ = {isa = PBXFileReference; lastKnownFileType = file.storyboard; name = Base; path = Base.lproj/Main.storyboard; sourceTree = "<group>"; };
		0F29C66320525BC6000F8159 /* Assets.xcassets */ = {isa = PBXFileReference; lastKnownFileType = folder.assetcatalog; path = Assets.xcassets; sourceTree = "<group>"; };
		0F29C66620525BC6000F8159 /* Base */ = {isa = PBXFileReference; lastKnownFileType = file.storyboard; name = Base; path = Base.lproj/LaunchScreen.storyboard; sourceTree = "<group>"; };
		0F29C66820525BC6000F8159 /* Info.plist */ = {isa = PBXFileReference; lastKnownFileType = text.plist.xml; path = Info.plist; sourceTree = "<group>"; };
		0F29C66920525BC6000F8159 /* main.m */ = {isa = PBXFileReference; lastKnownFileType = sourcecode.c.objc; path = main.m; sourceTree = "<group>"; };
		0F29C6D9205271C1000F8159 /* Accelerate.framework */ = {isa = PBXFileReference; lastKnownFileType = wrapper.framework; name = Accelerate.framework; path = System/Library/Frameworks/Accelerate.framework; sourceTree = SDKROOT; };
		0F29C6E320527DF4000F8159 /* SystemConfiguration.framework */ = {isa = PBXFileReference; lastKnownFileType = wrapper.framework; name = SystemConfiguration.framework; path = System/Library/Frameworks/SystemConfiguration.framework; sourceTree = SDKROOT; };
		0F29C6E520527DFC000F8159 /* CoreMedia.framework */ = {isa = PBXFileReference; lastKnownFileType = wrapper.framework; name = CoreMedia.framework; path = System/Library/Frameworks/CoreMedia.framework; sourceTree = SDKROOT; };
		0F29C6E720527E0B000F8159 /* CoreMotion.framework */ = {isa = PBXFileReference; lastKnownFileType = wrapper.framework; name = CoreMotion.framework; path = System/Library/Frameworks/CoreMotion.framework; sourceTree = SDKROOT; };
		0F29C6E920527E15000F8159 /* CoreTelephony.framework */ = {isa = PBXFileReference; lastKnownFileType = wrapper.framework; name = CoreTelephony.framework; path = System/Library/Frameworks/CoreTelephony.framework; sourceTree = SDKROOT; };
		0F29C6EB20527E23000F8159 /* AVFoundation.framework */ = {isa = PBXFileReference; lastKnownFileType = wrapper.framework; name = AVFoundation.framework; path = System/Library/Frameworks/AVFoundation.framework; sourceTree = SDKROOT; };
		0F29C6ED20527E2F000F8159 /* VideoToolbox.framework */ = {isa = PBXFileReference; lastKnownFileType = wrapper.framework; name = VideoToolbox.framework; path = System/Library/Frameworks/VideoToolbox.framework; sourceTree = SDKROOT; };
		0F29C6EF20527E3A000F8159 /* AudioToolbox.framework */ = {isa = PBXFileReference; lastKnownFileType = wrapper.framework; name = AudioToolbox.framework; path = System/Library/Frameworks/AudioToolbox.framework; sourceTree = SDKROOT; };
		0F29C6F120527E45000F8159 /* libc++.1.tbd */ = {isa = PBXFileReference; lastKnownFileType = "sourcecode.text-based-dylib-definition"; name = "libc++.1.tbd"; path = "usr/lib/libc++.1.tbd"; sourceTree = SDKROOT; };
		0F29C6F320527E50000F8159 /* libresolv.tbd */ = {isa = PBXFileReference; lastKnownFileType = "sourcecode.text-based-dylib-definition"; name = libresolv.tbd; path = usr/lib/libresolv.tbd; sourceTree = SDKROOT; };
		0FD4E2022105C4D5006E46A1 /* zh-Hans */ = {isa = PBXFileReference; lastKnownFileType = text.plist.strings; name = "zh-Hans"; path = "zh-Hans.lproj/Main.strings"; sourceTree = "<group>"; };
		0FD4E2062105C747006E46A1 /* zh-Hans */ = {isa = PBXFileReference; lastKnownFileType = text.plist.strings; name = "zh-Hans"; path = "zh-Hans.lproj/Localizable.strings"; sourceTree = "<group>"; };
		0FD4E2082105C754006E46A1 /* en */ = {isa = PBXFileReference; lastKnownFileType = text.plist.strings; name = en; path = en.lproj/Localizable.strings; sourceTree = "<group>"; };
		0FD4E20A2105C84A006E46A1 /* Base */ = {isa = PBXFileReference; lastKnownFileType = text.plist.strings; name = Base; path = Base.lproj/Localizable.strings; sourceTree = "<group>"; };
		0FDB809F20DA505D005D9C58 /* dataSource.plist */ = {isa = PBXFileReference; fileEncoding = 4; lastKnownFileType = text.plist.xml; path = dataSource.plist; sourceTree = "<group>"; };
		2FBF73032224F3940054BAEE /* libc++.tbd */ = {isa = PBXFileReference; lastKnownFileType = "sourcecode.text-based-dylib-definition"; name = "libc++.tbd"; path = "usr/lib/libc++.tbd"; sourceTree = SDKROOT; };
		CD67B91A224895E5000CA1B3 /* authpack.h */ = {isa = PBXFileReference; fileEncoding = 4; lastKnownFileType = sourcecode.c.h; path = authpack.h; sourceTree = "<group>"; };
		CD67B91C224895E5000CA1B3 /* FUCamera.h */ = {isa = PBXFileReference; fileEncoding = 4; lastKnownFileType = sourcecode.c.h; path = FUCamera.h; sourceTree = "<group>"; };
		CD67B91D224895E5000CA1B3 /* FUManager.h */ = {isa = PBXFileReference; fileEncoding = 4; lastKnownFileType = sourcecode.c.h; path = FUManager.h; sourceTree = "<group>"; };
		CD67B91E224895E5000CA1B3 /* FUAPIDemoBar.framework */ = {isa = PBXFileReference; lastKnownFileType = wrapper.framework; path = FUAPIDemoBar.framework; sourceTree = "<group>"; };
		CD67B921224895E5000CA1B3 /* touhua_ztt_fu.bundle */ = {isa = PBXFileReference; lastKnownFileType = file; path = touhua_ztt_fu.bundle; sourceTree = "<group>"; };
		CD67B922224895E5000CA1B3 /* yazui.bundle */ = {isa = PBXFileReference; lastKnownFileType = file; path = yazui.bundle; sourceTree = "<group>"; };
		CD67B923224895E5000CA1B3 /* yuguan.bundle */ = {isa = PBXFileReference; lastKnownFileType = file; path = yuguan.bundle; sourceTree = "<group>"; };
		CD67B924224895E5000CA1B3 /* hudie_lm_fu.bundle */ = {isa = PBXFileReference; lastKnownFileType = file; path = hudie_lm_fu.bundle; sourceTree = "<group>"; };
		CD67B925224895E5000CA1B3 /* mask_hat.bundle */ = {isa = PBXFileReference; lastKnownFileType = file; path = mask_hat.bundle; sourceTree = "<group>"; };
		CD67B926224895E5000CA1B3 /* juanhuzi_lm_fu.bundle */ = {isa = PBXFileReference; lastKnownFileType = file; path = juanhuzi_lm_fu.bundle; sourceTree = "<group>"; };
		CD67B927224895E5000CA1B3 /* fengya_ztt_fu.bundle */ = {isa = PBXFileReference; lastKnownFileType = file; path = fengya_ztt_fu.bundle; sourceTree = "<group>"; };
		CD67B928224895E5000CA1B3 /* FUManager.m */ = {isa = PBXFileReference; fileEncoding = 4; lastKnownFileType = sourcecode.c.objc; path = FUManager.m; sourceTree = "<group>"; };
		CD67B929224895E5000CA1B3 /* FUCamera.m */ = {isa = PBXFileReference; fileEncoding = 4; lastKnownFileType = sourcecode.c.objc; path = FUCamera.m; sourceTree = "<group>"; };
		CD67B92B224895E5000CA1B3 /* release_note.txt */ = {isa = PBXFileReference; fileEncoding = 4; lastKnownFileType = text; path = release_note.txt; sourceTree = "<group>"; };
		CD67B92C224895E5000CA1B3 /* libnama.a */ = {isa = PBXFileReference; lastKnownFileType = archive.ar; path = libnama.a; sourceTree = "<group>"; };
		CD67B92E224895E5000CA1B3 /* v3.bundle */ = {isa = PBXFileReference; lastKnownFileType = file; path = v3.bundle; sourceTree = "<group>"; };
		CD67B92F224895E5000CA1B3 /* ardata_ex.bundle */ = {isa = PBXFileReference; lastKnownFileType = file; path = ardata_ex.bundle; sourceTree = "<group>"; };
		CD67B930224895E5000CA1B3 /* fxaa.bundle */ = {isa = PBXFileReference; lastKnownFileType = file; path = fxaa.bundle; sourceTree = "<group>"; };
		CD67B931224895E5000CA1B3 /* anim_model.bundle */ = {isa = PBXFileReference; lastKnownFileType = file; path = anim_model.bundle; sourceTree = "<group>"; };
		CD67B932224895E5000CA1B3 /* face_beautification.bundle */ = {isa = PBXFileReference; lastKnownFileType = file; path = face_beautification.bundle; sourceTree = "<group>"; };
		CD67B934224895E5000CA1B3 /* funama.h */ = {isa = PBXFileReference; fileEncoding = 4; lastKnownFileType = sourcecode.c.h; path = funama.h; sourceTree = "<group>"; };
		CD67B935224895E5000CA1B3 /* FURenderer.h */ = {isa = PBXFileReference; fileEncoding = 4; lastKnownFileType = sourcecode.c.h; path = FURenderer.h; sourceTree = "<group>"; };
		CD67B936224895E5000CA1B3 /* AgoraRtcEngineKit.framework */ = {isa = PBXFileReference; lastKnownFileType = wrapper.framework; path = AgoraRtcEngineKit.framework; sourceTree = "<group>"; };
/* End PBXFileReference section */

/* Begin PBXFrameworksBuildPhase section */
		0F29C65420525BC6000F8159 /* Frameworks */ = {
			isa = PBXFrameworksBuildPhase;
			buildActionMask = 2147483647;
			files = (
				CD67B95322489754000CA1B3 /* FUAPIDemoBar.framework in Frameworks */,
				CD67B94A224895E5000CA1B3 /* libnama.a in Frameworks */,
				2FBF73042224F3940054BAEE /* libc++.tbd in Frameworks */,
				0F02C1FB20561D1B006EF198 /* AudioToolbox.framework in Frameworks */,
				CD67B950224895E5000CA1B3 /* AgoraRtcEngineKit.framework in Frameworks */,
				0F02C1FA20561D14006EF198 /* VideoToolbox.framework in Frameworks */,
				0F02C1F920561D0D006EF198 /* AVFoundation.framework in Frameworks */,
				0F02C1F820561D04006EF198 /* CoreTelephony.framework in Frameworks */,
				0F02C1F620561CF6006EF198 /* CoreMedia.framework in Frameworks */,
				0F02C1F720561CF6006EF198 /* CoreMotion.framework in Frameworks */,
				0F29C6F420527E50000F8159 /* libresolv.tbd in Frameworks */,
				0F29C6E420527DF4000F8159 /* SystemConfiguration.framework in Frameworks */,
				0F29C6DA205271C1000F8159 /* Accelerate.framework in Frameworks */,
			);
			runOnlyForDeploymentPostprocessing = 0;
		};
/* End PBXFrameworksBuildPhase section */

/* Begin PBXGroup section */
		0F02C1F520561AB6006EF198 /* Controllers */ = {
			isa = PBXGroup;
			children = (
				0F02C1EF20550936006EF198 /* MainViewController.h */,
				0F02C1F020550936006EF198 /* MainViewController.m */,
				0F02C1F220550948006EF198 /* RoomViewController.h */,
				0F02C1F320550948006EF198 /* RoomViewController.m */,
			);
			path = Controllers;
			sourceTree = "<group>";
		};
		0F29C64E20525BC6000F8159 = {
			isa = PBXGroup;
			children = (
				CD67B90C224895E4000CA1B3 /* Lib */,
				0F29C65920525BC6000F8159 /* AgoraWithFaceunity */,
				0F29C65820525BC6000F8159 /* Products */,
				0F29C6D8205271C0000F8159 /* Frameworks */,
			);
			sourceTree = "<group>";
		};
		0F29C65820525BC6000F8159 /* Products */ = {
			isa = PBXGroup;
			children = (
				0F29C65720525BC6000F8159 /* FUAgora.app */,
			);
			name = Products;
			sourceTree = "<group>";
		};
		0F29C65920525BC6000F8159 /* AgoraWithFaceunity */ = {
			isa = PBXGroup;
			children = (
				0F280F95205666D100CF70CC /* KeyCenter.h */,
				0F280F94205666D100CF70CC /* KeyCenter.m */,
				0F29C66020525BC6000F8159 /* Main.storyboard */,
				0F02C1F520561AB6006EF198 /* Controllers */,
				A7DB2641218BF54800F6C5AC /* Supporting Files */,
			);
			path = AgoraWithFaceunity;
			sourceTree = "<group>";
		};
		0F29C6D8205271C0000F8159 /* Frameworks */ = {
			isa = PBXGroup;
			children = (
				2FBF73032224F3940054BAEE /* libc++.tbd */,
				0F29C6F320527E50000F8159 /* libresolv.tbd */,
				0F29C6F120527E45000F8159 /* libc++.1.tbd */,
				0F29C6EF20527E3A000F8159 /* AudioToolbox.framework */,
				0F29C6ED20527E2F000F8159 /* VideoToolbox.framework */,
				0F29C6EB20527E23000F8159 /* AVFoundation.framework */,
				0F29C6E920527E15000F8159 /* CoreTelephony.framework */,
				0F29C6E720527E0B000F8159 /* CoreMotion.framework */,
				0F29C6E520527DFC000F8159 /* CoreMedia.framework */,
				0F29C6E320527DF4000F8159 /* SystemConfiguration.framework */,
				0F29C6D9205271C1000F8159 /* Accelerate.framework */,
			);
			name = Frameworks;
			sourceTree = "<group>";
		};
		A7DB2641218BF54800F6C5AC /* Supporting Files */ = {
			isa = PBXGroup;
			children = (
				0F29C65A20525BC6000F8159 /* AppDelegate.h */,
				0F29C65B20525BC6000F8159 /* AppDelegate.m */,
				0F29C66320525BC6000F8159 /* Assets.xcassets */,
				0F29C66520525BC6000F8159 /* LaunchScreen.storyboard */,
				0FD4E2072105C747006E46A1 /* Localizable.strings */,
				0F29C66820525BC6000F8159 /* Info.plist */,
				0FDB809F20DA505D005D9C58 /* dataSource.plist */,
				0F29C66920525BC6000F8159 /* main.m */,
			);
			name = "Supporting Files";
			sourceTree = "<group>";
		};
		CD67B90C224895E4000CA1B3 /* Lib */ = {
			isa = PBXGroup;
			children = (
				CD67B90D224895E4000CA1B3 /* Faceunity */,
				CD67B936224895E5000CA1B3 /* AgoraRtcEngineKit.framework */,
			);
			name = Lib;
			path = ../Lib;
			sourceTree = "<group>";
		};
		CD67B90D224895E4000CA1B3 /* Faceunity */ = {
			isa = PBXGroup;
			children = (
				CD67B91A224895E5000CA1B3 /* authpack.h */,
				CD67B91C224895E5000CA1B3 /* FUCamera.h */,
				CD67B91D224895E5000CA1B3 /* FUManager.h */,
				CD67B91E224895E5000CA1B3 /* FUAPIDemoBar.framework */,
				CD67B920224895E5000CA1B3 /* items */,
				CD67B928224895E5000CA1B3 /* FUManager.m */,
				CD67B929224895E5000CA1B3 /* FUCamera.m */,
				CD67B92A224895E5000CA1B3 /* FaceUnity-SDK-iOS */,
			);
			path = Faceunity;
			sourceTree = "<group>";
		};
		CD67B920224895E5000CA1B3 /* items */ = {
			isa = PBXGroup;
			children = (
				CD67B921224895E5000CA1B3 /* touhua_ztt_fu.bundle */,
				CD67B922224895E5000CA1B3 /* yazui.bundle */,
				CD67B923224895E5000CA1B3 /* yuguan.bundle */,
				CD67B924224895E5000CA1B3 /* hudie_lm_fu.bundle */,
				CD67B925224895E5000CA1B3 /* mask_hat.bundle */,
				CD67B926224895E5000CA1B3 /* juanhuzi_lm_fu.bundle */,
				CD67B927224895E5000CA1B3 /* fengya_ztt_fu.bundle */,
			);
			path = items;
			sourceTree = "<group>";
		};
		CD67B92A224895E5000CA1B3 /* FaceUnity-SDK-iOS */ = {
			isa = PBXGroup;
			children = (
				CD67B92B224895E5000CA1B3 /* release_note.txt */,
				CD67B92C224895E5000CA1B3 /* libnama.a */,
				CD67B92D224895E5000CA1B3 /* Resources */,
				CD67B933224895E5000CA1B3 /* Headers */,
			);
			path = "FaceUnity-SDK-iOS";
			sourceTree = "<group>";
		};
		CD67B92D224895E5000CA1B3 /* Resources */ = {
			isa = PBXGroup;
			children = (
				CD67B92E224895E5000CA1B3 /* v3.bundle */,
				CD67B92F224895E5000CA1B3 /* ardata_ex.bundle */,
				CD67B930224895E5000CA1B3 /* fxaa.bundle */,
				CD67B931224895E5000CA1B3 /* anim_model.bundle */,
				CD67B932224895E5000CA1B3 /* face_beautification.bundle */,
			);
			path = Resources;
			sourceTree = "<group>";
		};
		CD67B933224895E5000CA1B3 /* Headers */ = {
			isa = PBXGroup;
			children = (
				CD67B934224895E5000CA1B3 /* funama.h */,
				CD67B935224895E5000CA1B3 /* FURenderer.h */,
			);
			path = Headers;
			sourceTree = "<group>";
		};
/* End PBXGroup section */

/* Begin PBXNativeTarget section */
		0F29C65620525BC6000F8159 /* FUAgora */ = {
			isa = PBXNativeTarget;
			buildConfigurationList = 0F29C68320525BC7000F8159 /* Build configuration list for PBXNativeTarget "FUAgora" */;
			buildPhases = (
				CD67B956224C8824000CA1B3 /* unzip */,
				0F29C65320525BC6000F8159 /* Sources */,
				0F29C65420525BC6000F8159 /* Frameworks */,
				0F29C65520525BC6000F8159 /* Resources */,
				0F29C6F92052DACE000F8159 /* CopyFiles */,
				E3FF79452230E47B00649BC3 /* CopyFiles */,
			);
			buildRules = (
			);
			dependencies = (
			);
			name = FUAgora;
			productName = AgoraWithFaceunity;
			productReference = 0F29C65720525BC6000F8159 /* FUAgora.app */;
			productType = "com.apple.product-type.application";
		};
/* End PBXNativeTarget section */

/* Begin PBXProject section */
		0F29C64F20525BC6000F8159 /* Project object */ = {
			isa = PBXProject;
			attributes = {
				LastUpgradeCheck = 0920;
				ORGANIZATIONNAME = ZhangJi;
				TargetAttributes = {
					0F29C65620525BC6000F8159 = {
						CreatedOnToolsVersion = 9.2;
						ProvisioningStyle = Automatic;
					};
				};
			};
			buildConfigurationList = 0F29C65220525BC6000F8159 /* Build configuration list for PBXProject "FUAgora" */;
			compatibilityVersion = "Xcode 8.0";
			developmentRegion = en;
			hasScannedForEncodings = 0;
			knownRegions = (
				en,
				Base,
			);
			mainGroup = 0F29C64E20525BC6000F8159;
			productRefGroup = 0F29C65820525BC6000F8159 /* Products */;
			projectDirPath = "";
			projectRoot = "";
			targets = (
				0F29C65620525BC6000F8159 /* FUAgora */,
			);
		};
/* End PBXProject section */

/* Begin PBXResourcesBuildPhase section */
		0F29C65520525BC6000F8159 /* Resources */ = {
			isa = PBXResourcesBuildPhase;
			buildActionMask = 2147483647;
			files = (
				CD67B94D224895E5000CA1B3 /* fxaa.bundle in Resources */,
				CD67B940224895E5000CA1B3 /* touhua_ztt_fu.bundle in Resources */,
				CD67B941224895E5000CA1B3 /* yazui.bundle in Resources */,
				CD67B94E224895E5000CA1B3 /* anim_model.bundle in Resources */,
				CD67B942224895E5000CA1B3 /* yuguan.bundle in Resources */,
				CD67B94B224895E5000CA1B3 /* v3.bundle in Resources */,
				0FDB80A020DA505D005D9C58 /* dataSource.plist in Resources */,
				0F29C66720525BC6000F8159 /* LaunchScreen.storyboard in Resources */,
				0F29C66420525BC6000F8159 /* Assets.xcassets in Resources */,
				0F29C66220525BC6000F8159 /* Main.storyboard in Resources */,
				CD67B94F224895E5000CA1B3 /* face_beautification.bundle in Resources */,
				CD67B945224895E5000CA1B3 /* juanhuzi_lm_fu.bundle in Resources */,
				CD67B943224895E5000CA1B3 /* hudie_lm_fu.bundle in Resources */,
				CD67B946224895E5000CA1B3 /* fengya_ztt_fu.bundle in Resources */,
				0FD4E2052105C747006E46A1 /* Localizable.strings in Resources */,
				CD67B944224895E5000CA1B3 /* mask_hat.bundle in Resources */,
				CD67B94C224895E5000CA1B3 /* ardata_ex.bundle in Resources */,
				CD67B949224895E5000CA1B3 /* release_note.txt in Resources */,
			);
			runOnlyForDeploymentPostprocessing = 0;
		};
/* End PBXResourcesBuildPhase section */

/* Begin PBXShellScriptBuildPhase section */
		CD67B956224C8824000CA1B3 /* unzip */ = {
			isa = PBXShellScriptBuildPhase;
			buildActionMask = 2147483647;
			files = (
			);
			inputFileListPaths = (
			);
			inputPaths = (
			);
			name = unzip;
			outputFileListPaths = (
			);
			outputPaths = (
			);
			runOnlyForDeploymentPostprocessing = 0;
			shellPath = /bin/sh;
			shellScript = "# Type a script or drag a script file from your workspace to insert its path.\n#!/bin/sh\ncd ../Lib/Faceunity/FaceUnity-SDK-iOS\nfilename=libnama.a\nzipname=libnama.zip\nmdcode=$(md5 $filename)\n\n#libnama.zip存在,则直接解压\nif [ -f \"$zipname\" ];\nthen\nrm -f $filename\nunzip $zipname\nmdcode=$(md5 $filename)\nrm -f $zipname\nfi\n";
		};
/* End PBXShellScriptBuildPhase section */

/* Begin PBXSourcesBuildPhase section */
		0F29C65320525BC6000F8159 /* Sources */ = {
			isa = PBXSourcesBuildPhase;
			buildActionMask = 2147483647;
			files = (
				0F29C66A20525BC6000F8159 /* main.m in Sources */,
				CD67B948224895E5000CA1B3 /* FUCamera.m in Sources */,
				0F280F96205666D100CF70CC /* KeyCenter.m in Sources */,
				0F02C1F120550936006EF198 /* MainViewController.m in Sources */,
				CD67B947224895E5000CA1B3 /* FUManager.m in Sources */,
				0F29C65C20525BC6000F8159 /* AppDelegate.m in Sources */,
			);
			runOnlyForDeploymentPostprocessing = 0;
		};
/* End PBXSourcesBuildPhase section */

/* Begin PBXVariantGroup section */
		0F29C66020525BC6000F8159 /* Main.storyboard */ = {
			isa = PBXVariantGroup;
			children = (
				0F29C66120525BC6000F8159 /* Base */,
				0FD4E2022105C4D5006E46A1 /* zh-Hans */,
			);
			name = Main.storyboard;
			sourceTree = "<group>";
		};
		0F29C66520525BC6000F8159 /* LaunchScreen.storyboard */ = {
			isa = PBXVariantGroup;
			children = (
				0F29C66620525BC6000F8159 /* Base */,
			);
			name = LaunchScreen.storyboard;
			sourceTree = "<group>";
		};
		0FD4E2072105C747006E46A1 /* Localizable.strings */ = {
			isa = PBXVariantGroup;
			children = (
				0FD4E2062105C747006E46A1 /* zh-Hans */,
				0FD4E2082105C754006E46A1 /* en */,
				0FD4E20A2105C84A006E46A1 /* Base */,
			);
			name = Localizable.strings;
			sourceTree = "<group>";
		};
/* End PBXVariantGroup section */

/* Begin XCBuildConfiguration section */
		0F29C68120525BC7000F8159 /* Debug */ = {
			isa = XCBuildConfiguration;
			buildSettings = {
				ALWAYS_SEARCH_USER_PATHS = NO;
				CLANG_ANALYZER_LOCALIZABILITY_NONLOCALIZED = YES;
				CLANG_ANALYZER_NONNULL = YES;
				CLANG_ANALYZER_NUMBER_OBJECT_CONVERSION = YES_AGGRESSIVE;
				CLANG_CXX_LANGUAGE_STANDARD = "gnu++14";
				CLANG_CXX_LIBRARY = "libc++";
				CLANG_ENABLE_MODULES = YES;
				CLANG_ENABLE_OBJC_ARC = YES;
				CLANG_WARN_BLOCK_CAPTURE_AUTORELEASING = YES;
				CLANG_WARN_BOOL_CONVERSION = YES;
				CLANG_WARN_COMMA = YES;
				CLANG_WARN_CONSTANT_CONVERSION = YES;
				CLANG_WARN_DIRECT_OBJC_ISA_USAGE = YES_ERROR;
				CLANG_WARN_DOCUMENTATION_COMMENTS = YES;
				CLANG_WARN_EMPTY_BODY = YES;
				CLANG_WARN_ENUM_CONVERSION = YES;
				CLANG_WARN_INFINITE_RECURSION = YES;
				CLANG_WARN_INT_CONVERSION = YES;
				CLANG_WARN_NON_LITERAL_NULL_CONVERSION = YES;
				CLANG_WARN_OBJC_LITERAL_CONVERSION = YES;
				CLANG_WARN_OBJC_ROOT_CLASS = YES_ERROR;
				CLANG_WARN_RANGE_LOOP_ANALYSIS = YES;
				CLANG_WARN_STRICT_PROTOTYPES = YES;
				CLANG_WARN_SUSPICIOUS_MOVE = YES;
				CLANG_WARN_UNGUARDED_AVAILABILITY = YES_AGGRESSIVE;
				CLANG_WARN_UNREACHABLE_CODE = YES;
				CLANG_WARN__DUPLICATE_METHOD_MATCH = YES;
				CODE_SIGN_IDENTITY = "iPhone Developer";
				COPY_PHASE_STRIP = NO;
				DEBUG_INFORMATION_FORMAT = dwarf;
				ENABLE_STRICT_OBJC_MSGSEND = YES;
				ENABLE_TESTABILITY = YES;
				GCC_C_LANGUAGE_STANDARD = gnu11;
				GCC_DYNAMIC_NO_PIC = NO;
				GCC_NO_COMMON_BLOCKS = YES;
				GCC_OPTIMIZATION_LEVEL = 0;
				GCC_PREPROCESSOR_DEFINITIONS = (
					"DEBUG=1",
					"$(inherited)",
				);
				GCC_WARN_64_TO_32_BIT_CONVERSION = YES;
				GCC_WARN_ABOUT_RETURN_TYPE = YES_ERROR;
				GCC_WARN_UNDECLARED_SELECTOR = YES;
				GCC_WARN_UNINITIALIZED_AUTOS = YES_AGGRESSIVE;
				GCC_WARN_UNUSED_FUNCTION = YES;
				GCC_WARN_UNUSED_VARIABLE = YES;
				IPHONEOS_DEPLOYMENT_TARGET = 8.0;
				MTL_ENABLE_DEBUG_INFO = YES;
				ONLY_ACTIVE_ARCH = YES;
				SDKROOT = iphoneos;
			};
			name = Debug;
		};
		0F29C68220525BC7000F8159 /* Release */ = {
			isa = XCBuildConfiguration;
			buildSettings = {
				ALWAYS_SEARCH_USER_PATHS = NO;
				CLANG_ANALYZER_LOCALIZABILITY_NONLOCALIZED = YES;
				CLANG_ANALYZER_NONNULL = YES;
				CLANG_ANALYZER_NUMBER_OBJECT_CONVERSION = YES_AGGRESSIVE;
				CLANG_CXX_LANGUAGE_STANDARD = "gnu++14";
				CLANG_CXX_LIBRARY = "libc++";
				CLANG_ENABLE_MODULES = YES;
				CLANG_ENABLE_OBJC_ARC = YES;
				CLANG_WARN_BLOCK_CAPTURE_AUTORELEASING = YES;
				CLANG_WARN_BOOL_CONVERSION = YES;
				CLANG_WARN_COMMA = YES;
				CLANG_WARN_CONSTANT_CONVERSION = YES;
				CLANG_WARN_DIRECT_OBJC_ISA_USAGE = YES_ERROR;
				CLANG_WARN_DOCUMENTATION_COMMENTS = YES;
				CLANG_WARN_EMPTY_BODY = YES;
				CLANG_WARN_ENUM_CONVERSION = YES;
				CLANG_WARN_INFINITE_RECURSION = YES;
				CLANG_WARN_INT_CONVERSION = YES;
				CLANG_WARN_NON_LITERAL_NULL_CONVERSION = YES;
				CLANG_WARN_OBJC_LITERAL_CONVERSION = YES;
				CLANG_WARN_OBJC_ROOT_CLASS = YES_ERROR;
				CLANG_WARN_RANGE_LOOP_ANALYSIS = YES;
				CLANG_WARN_STRICT_PROTOTYPES = YES;
				CLANG_WARN_SUSPICIOUS_MOVE = YES;
				CLANG_WARN_UNGUARDED_AVAILABILITY = YES_AGGRESSIVE;
				CLANG_WARN_UNREACHABLE_CODE = YES;
				CLANG_WARN__DUPLICATE_METHOD_MATCH = YES;
				CODE_SIGN_IDENTITY = "iPhone Developer";
				COPY_PHASE_STRIP = NO;
				DEBUG_INFORMATION_FORMAT = "dwarf-with-dsym";
				ENABLE_NS_ASSERTIONS = NO;
				ENABLE_STRICT_OBJC_MSGSEND = YES;
				GCC_C_LANGUAGE_STANDARD = gnu11;
				GCC_NO_COMMON_BLOCKS = YES;
				GCC_WARN_64_TO_32_BIT_CONVERSION = YES;
				GCC_WARN_ABOUT_RETURN_TYPE = YES_ERROR;
				GCC_WARN_UNDECLARED_SELECTOR = YES;
				GCC_WARN_UNINITIALIZED_AUTOS = YES_AGGRESSIVE;
				GCC_WARN_UNUSED_FUNCTION = YES;
				GCC_WARN_UNUSED_VARIABLE = YES;
				IPHONEOS_DEPLOYMENT_TARGET = 8.0;
				MTL_ENABLE_DEBUG_INFO = NO;
				SDKROOT = iphoneos;
				VALIDATE_PRODUCT = YES;
			};
			name = Release;
		};
		0F29C68420525BC7000F8159 /* Debug */ = {
			isa = XCBuildConfiguration;
			buildSettings = {
				ASSETCATALOG_COMPILER_APPICON_NAME = AppIcon;
				CODE_SIGN_IDENTITY = "iPhone Developer";
				CODE_SIGN_STYLE = Automatic;
				DEVELOPMENT_TEAM = 35A6KD62ZJ;
				ENABLE_BITCODE = NO;
				FRAMEWORK_SEARCH_PATHS = (
					"$(inherited)",
					"\"$(SRCROOT)/../Lib/Faceunity/\"",
					"\"$(SRCROOT)/../Lib\"",
				);
				INFOPLIST_FILE = AgoraWithFaceunity/Info.plist;
				IPHONEOS_DEPLOYMENT_TARGET = 8.0;
				LD_RUNPATH_SEARCH_PATHS = "$(inherited) @executable_path/Frameworks";
				LIBRARY_SEARCH_PATHS = (
					"$(inherited)",
					"\"$(SRCROOT)/../Lib/Faceunity/FaceUnity-SDK-iOS\"",
				);
				PRODUCT_BUNDLE_IDENTIFIER = io.agora.AgoraWithFaceunity;
				PRODUCT_NAME = "$(TARGET_NAME)";
				PROVISIONING_PROFILE_SPECIFIER = "";
				TARGETED_DEVICE_FAMILY = "1,2";
			};
			name = Debug;
		};
		0F29C68520525BC7000F8159 /* Release */ = {
			isa = XCBuildConfiguration;
			buildSettings = {
				ASSETCATALOG_COMPILER_APPICON_NAME = AppIcon;
				CODE_SIGN_IDENTITY = "iPhone Developer";
				CODE_SIGN_STYLE = Automatic;
				DEVELOPMENT_TEAM = 35A6KD62ZJ;
				ENABLE_BITCODE = NO;
				FRAMEWORK_SEARCH_PATHS = (
					"$(inherited)",
					"\"$(SRCROOT)/../Lib/Faceunity/\"",
					"\"$(SRCROOT)/../Lib\"",
				);
				INFOPLIST_FILE = AgoraWithFaceunity/Info.plist;
				IPHONEOS_DEPLOYMENT_TARGET = 8.0;
				LD_RUNPATH_SEARCH_PATHS = "$(inherited) @executable_path/Frameworks";
				LIBRARY_SEARCH_PATHS = (
					"$(inherited)",
					"\"$(SRCROOT)/../Lib/Faceunity/FaceUnity-SDK-iOS\"",
				);
				PRODUCT_BUNDLE_IDENTIFIER = io.agora.AgoraWithFaceunity;
				PRODUCT_NAME = "$(TARGET_NAME)";
				PROVISIONING_PROFILE_SPECIFIER = "";
				TARGETED_DEVICE_FAMILY = "1,2";
			};
			name = Release;
		};
/* End XCBuildConfiguration section */

/* Begin XCConfigurationList section */
		0F29C65220525BC6000F8159 /* Build configuration list for PBXProject "FUAgora" */ = {
			isa = XCConfigurationList;
			buildConfigurations = (
				0F29C68120525BC7000F8159 /* Debug */,
				0F29C68220525BC7000F8159 /* Release */,
			);
			defaultConfigurationIsVisible = 0;
			defaultConfigurationName = Release;
		};
		0F29C68320525BC7000F8159 /* Build configuration list for PBXNativeTarget "FUAgora" */ = {
			isa = XCConfigurationList;
			buildConfigurations = (
				0F29C68420525BC7000F8159 /* Debug */,
				0F29C68520525BC7000F8159 /* Release */,
			);
			defaultConfigurationIsVisible = 0;
			defaultConfigurationName = Release;
		};
/* End XCConfigurationList section */
	};
	rootObject = 0F29C64F20525BC6000F8159 /* Project object */;
}
